
Microsoft Visual Studio Solution File, Format Version 12.00
# Visual Studio Version 17
VisualStudioVersion = 17.9.34723.18
MinimumVisualStudioVersion = 10.0.40219.1
Project("{9A19103F-16F7-4668-BE54-9A1E7A4F7556}") = "ToursProject", "ToursProject\ToursProject.csproj", "{190F7A5D-97C9-46BA-B760-6C308F7C7878}"
EndProject
Project("{9A19103F-16F7-4668-BE54-9A1E7A4F7556}") = "DataAccesLayer", "DataAccesLayer\DataAccesLayer.csproj", "{0EB8380C-4960-4057-9942-B8972CAF415A}"
EndProject
Project("{9A19103F-16F7-4668-BE54-9A1E7A4F7556}") = "BusinesLayer", "BusinesLayer\BusinesLayer.csproj", "{59BF1845-35C8-4F47-8A5E-C229192CD003}"
EndProject
Project("{9A19103F-16F7-4668-BE54-9A1E7A4F7556}") = "EntityLayer", "EntityLayer\EntityLayer.csproj", "{325F04D8-5958-4754-8A1F-447392325CF0}"
EndProject
Project("{9A19103F-16F7-4668-BE54-9A1E7A4F7556}") = "ToursProjectAPI", "ToursProjectAPI\ToursProjectAPI.csproj", "{19D1340B-1412-43AE-B631-9D4D5ED77726}"
EndProject
Project("{FAE04EC0-301F-11D3-BF4B-00C04F79EFBC}") = "DTOLayer", "DTOLayer\DTOLayer.csproj", "{A40E714D-15CF-4F14-876E-D440D06E43FE}"
EndProject
Global
	GlobalSection(SolutionConfigurationPlatforms) = preSolution
		Debug|Any CPU = Debug|Any CPU
		Release|Any CPU = Release|Any CPU
	EndGlobalSection
	GlobalSection(ProjectConfigurationPlatforms) = postSolution
		{190F7A5D-97C9-46BA-B760-6C308F7C7878}.Debug|Any CPU.ActiveCfg = Debug|Any CPU
		{190F7A5D-97C9-46BA-B760-6C308F7C7878}.Debug|Any CPU.Build.0 = Debug|Any CPU
		{190F7A5D-97C9-46BA-B760-6C308F7C7878}.Release|Any CPU.ActiveCfg = Release|Any CPU
		{190F7A5D-97C9-46BA-B760-6C308F7C7878}.Release|Any CPU.Build.0 = Release|Any CPU
		{0EB8380C-4960-4057-9942-B8972CAF415A}.Debug|Any CPU.ActiveCfg = Debug|Any CPU
		{0EB8380C-4960-4057-9942-B8972CAF415A}.Debug|Any CPU.Build.0 = Debug|Any CPU
		{0EB8380C-4960-4057-9942-B8972CAF415A}.Release|Any CPU.ActiveCfg = Release|Any CPU
		{0EB8380C-4960-4057-9942-B8972CAF415A}.Release|Any CPU.Build.0 = Release|Any CPU
		{59BF1845-35C8-4F47-8A5E-C229192CD003}.Debug|Any CPU.ActiveCfg = Debug|Any CPU
		{59BF1845-35C8-4F47-8A5E-C229192CD003}.Debug|Any CPU.Build.0 = Debug|Any CPU
		{59BF1845-35C8-4F47-8A5E-C229192CD003}.Release|Any CPU.ActiveCfg = Release|Any CPU
		{59BF1845-35C8-4F47-8A5E-C229192CD003}.Release|Any CPU.Build.0 = Release|Any CPU
		{325F04D8-5958-4754-8A1F-447392325CF0}.Debug|Any CPU.ActiveCfg = Debug|Any CPU
		{325F04D8-5958-4754-8A1F-447392325CF0}.Debug|Any CPU.Build.0 = Debug|Any CPU
		{325F04D8-5958-4754-8A1F-447392325CF0}.Release|Any CPU.ActiveCfg = Release|Any CPU
		{325F04D8-5958-4754-8A1F-447392325CF0}.Release|Any CPU.Build.0 = Release|Any CPU
		{19D1340B-1412-43AE-B631-9D4D5ED77726}.Debug|Any CPU.ActiveCfg = Debug|Any CPU
		{19D1340B-1412-43AE-B631-9D4D5ED77726}.Debug|Any CPU.Build.0 = Debug|Any CPU
		{19D1340B-1412-43AE-B631-9D4D5ED77726}.Release|Any CPU.ActiveCfg = Release|Any CPU
		{19D1340B-1412-43AE-B631-9D4D5ED77726}.Release|Any CPU.Build.0 = Release|Any CPU
		{A40E714D-15CF-4F14-876E-D440D06E43FE}.Debug|Any CPU.ActiveCfg = Debug|Any CPU
		{A40E714D-15CF-4F14-876E-D440D06E43FE}.Debug|Any CPU.Build.0 = Debug|Any CPU
		{A40E714D-15CF-4F14-876E-D440D06E43FE}.Release|Any CPU.ActiveCfg = Release|Any CPU
		{A40E714D-15CF-4F14-876E-D440D06E43FE}.Release|Any CPU.Build.0 = Release|Any CPU
	EndGlobalSection
	GlobalSection(SolutionProperties) = preSolution
		HideSolutionNode = FALSE
	EndGlobalSection
	GlobalSection(ExtensibilityGlobals) = postSolution
		SolutionGuid = {FFE5F53C-5EE2-4965-80B2-01D2EFEA4B87}
	EndGlobalSection
EndGlobal
